
Microsoft Visual Studio Solution File, Format Version 12.00
# Visual Studio Version 17
VisualStudioVersion = 17.14.36221.1 d17.14
MinimumVisualStudioVersion = 10.0.40219.1
Project("{FAE04EC0-301F-11D3-BF4B-00C04F79EFBC}") = "ConsoleApp3", "ConsoleApp3\ConsoleApp3.csproj", "{D89081A5-52A7-4E7B-8453-8E7066D3FA1B}"
EndProject
Project("{FAE04EC0-301F-11D3-BF4B-00C04F79EFBC}") = "LibCalcolatrice", "LibCalcolatrice\LibCalcolatrice.csproj", "{531CEAB4-C938-4370-9F59-71AB419CF176}"
EndProject
Project("{FAE04EC0-301F-11D3-BF4B-00C04F79EFBC}") = "TestCalcolatrice", "TestCalcolatrice\TestCalcolatrice.csproj", "{2602800D-B0B9-4671-8B7C-72D7FA884F8B}"
	ProjectSection(ProjectDependencies) = postProject
		{531CEAB4-C938-4370-9F59-71AB419CF176} = {531CEAB4-C938-4370-9F59-71AB419CF176}
	EndProjectSection
EndProject
Global
	GlobalSection(SolutionConfigurationPlatforms) = preSolution
		Debug|Any CPU = Debug|Any CPU
		Release|Any CPU = Release|Any CPU
	EndGlobalSection
	GlobalSection(ProjectConfigurationPlatforms) = postSolution
		{D89081A5-52A7-4E7B-8453-8E7066D3FA1B}.Debug|Any CPU.ActiveCfg = Debug|Any CPU
		{D89081A5-52A7-4E7B-8453-8E7066D3FA1B}.Debug|Any CPU.Build.0 = Debug|Any CPU
		{D89081A5-52A7-4E7B-8453-8E7066D3FA1B}.Release|Any CPU.ActiveCfg = Release|Any CPU
		{D89081A5-52A7-4E7B-8453-8E7066D3FA1B}.Release|Any CPU.Build.0 = Release|Any CPU
		{531CEAB4-C938-4370-9F59-71AB419CF176}.Debug|Any CPU.ActiveCfg = Debug|Any CPU
		{531CEAB4-C938-4370-9F59-71AB419CF176}.Debug|Any CPU.Build.0 = Debug|Any CPU
		{531CEAB4-C938-4370-9F59-71AB419CF176}.Release|Any CPU.ActiveCfg = Release|Any CPU
		{531CEAB4-C938-4370-9F59-71AB419CF176}.Release|Any CPU.Build.0 = Release|Any CPU
		{2602800D-B0B9-4671-8B7C-72D7FA884F8B}.Debug|Any CPU.ActiveCfg = Debug|Any CPU
		{2602800D-B0B9-4671-8B7C-72D7FA884F8B}.Debug|Any CPU.Build.0 = Debug|Any CPU
		{2602800D-B0B9-4671-8B7C-72D7FA884F8B}.Release|Any CPU.ActiveCfg = Release|Any CPU
		{2602800D-B0B9-4671-8B7C-72D7FA884F8B}.Release|Any CPU.Build.0 = Release|Any CPU
	EndGlobalSection
	GlobalSection(SolutionProperties) = preSolution
		HideSolutionNode = FALSE
	EndGlobalSection
	GlobalSection(ExtensibilityGlobals) = postSolution
		SolutionGuid = {28581EAA-DB05-4615-A8F8-B93D9D6C64F2}
	EndGlobalSection
EndGlobal
